github.com/aws/aws-sdk-go v1.44.94 h1:hDqJSv03ZVvqT448gUE63JEIHKx++vKLoDkiZxbNmIk=
github.com/aws/aws-sdk-go v1.44.94/go.mod h1:y4AeaBuwd2Lk+GepC1E9v0qOiTws0MIWAX4oIKwKHZo=
github.com/aws/aws-sdk-go-v2 v1.16.14 h1:db6GvO4Z2UqHt5gvT0lr6J5x5P+oQ7bdRzczVaRekMU=
github.com/aws/aws-sdk-go-v2 v1.16.14/go.mod h1:s/G+UV29dECbF5rf+RNj1xhlmvoNurGSr+McVSRj59w=
github.com/aws/aws-sdk-go-v2/aws/protocol/eventstream v1.4.7 h1:/kxQjtZc7j67TMW/aFJfpsrlvFhsq3lNbX41qN5Tro4=
github.com/aws/aws-sdk-go-v2/aws/protocol/eventstream v1.4.7/go.mod h1:KvHyNlxCjo9Y1Fsz+6Ex9OaN2jKijvMxzROxpW5Vctc=
github.com/aws/aws-sdk-go-v2/config v1.17.5 h1:+NS1BWvprx7nHcIk5o32LrZgifs/7Pm1V2nWjQgZ2H0=
github.com/aws/aws-sdk-go-v2/config v1.17.5/go.mod h1:H0cvPNDO3uExWts/9PDhD/0ne2esu1uaIulwn1vkwxM=
github.com/aws/aws-sdk-go-v2/credentials v1.12.18 h1:HF62tbhARhgLfvmfwUbL9qZ+dkbZYzbFdxBb3l5gr7Q=
github.com/aws/aws-sdk-go-v2/credentials v1.12.18/go.mod h1:O7n/CPagQ33rfG6h7vR/W02ammuc5CrsSM22cNZp9so=
github.com/aws/aws-sdk-go-v2/feature/ec2/imds v1.12.15 h1:nkQ+aI0OCeYfzrBipL6ja/6VEbUnHQoZHBHtoK+Nzxw=
github.com/aws/aws-sdk-go-v2/feature/ec2/imds v1.12.15/go.mod h1:Oz2/qWINxIgSmoZT9adpxJy2UhpcOAI3TIyWgYMVSz0=
github.com/aws/aws-sdk-go-v2/feature/s3/manager v1.11.31 h1:Ggf7rvFS1s3/Nauv2mokAY+RfKsCAHvfiiZJoYd0lV0=
github.com/aws/aws-sdk-go-v2/feature/s3/manager v1.11.31/go.mod h1:Iv2xOFdy8aFIxVKEdzo9puLXFaGNnjx5xzGYIlGzhuY=
github.com/aws/aws-sdk-go-v2/internal/configsources v1.1.21 h1:gRIXnmAVNyoRQywdNtpAkgY+f30QNzgF53Q5OobNZZs=
github.com/aws/aws-sdk-go-v2/internal/configsources v1.1.21/go.mod h1:XsmHMV9c512xgsW01q7H0ut+UQQQpWX8QsFbdLHDwaU=
github.com/aws/aws-sdk-go-v2/internal/endpoints/v2 v2.4.15 h1:noAhOo2mMDyYhTx99aYPvQw16T3fQ/DiKAv9fzpIKH8=
github.com/aws/aws-sdk-go-v2/internal/endpoints/v2 v2.4.15/go.mod h1:kjJ4CyD9M3Wq88GYg3IPfj67Rs0Uvz8aXK7MJ8BvE4I=
github.com/aws/aws-sdk-go-v2/internal/ini v1.3.22 h1:nF+E8HfYpOMw6M5oA9efB602VC00IHNQnB5CmFvZPvA=
github.com/aws/aws-sdk-go-v2/internal/ini v1.3.22/go.mod h1:tltHVGy977LrSOgRR5aV9+miyno/Gul/uJNPKS7FzP4=
github.com/aws/aws-sdk-go-v2/internal/v4a v1.0.12 h1:i0Tig01XGhXo/ki1BZUbRMhusGVCScEvaWdlFRWxAKk=
github.com/aws/aws-sdk-go-v2/internal/v4a v1.0.12/go.mod h1:QPoxYMISvteeDH4A89gGWWlCA/Bz6oUDF7hGdPdOPuE=
github.com/aws/aws-sdk-go-v2/service/iam v1.18.17 h1:2sbycB3YvoTTT6bqT8GmTRRkNnpTh42OeFv5IEBCPkk=
github.com/aws/aws-sdk-go-v2/service/iam v1.18.17/go.mod h1:P78+32N8FUruwcMQz0YET9NnD991g6Ud2Z9ldLX3OxM=
github.com/aws/aws-sdk-go-v2/service/internal/accept-encoding v1.9.8 h1:NpixDFjwr1BZg2459mX07NZnVYGGp62Lb6AtVGOLNlo=
github.com/aws/aws-sdk-go-v2/service/internal/accept-encoding v1.9.8/go.mod h1:MJUgrBPfGB4yk2uWoImVqd9cklry1hATyJV/7gJ6JTk=
github.com/aws/aws-sdk-go-v2/service/internal/checksum v1.1.16 h1:kHc3TqW5kJ9Vfd9YEwywrNrL87DItpvAohlP+OuzABY=
github.com/aws/aws-sdk-go-v2/service/internal/checksum v1.1.16/go.mod h1:U/9ZCgIx6x6NTdFRt60qO3gxUxBx4gRi+S/Yc/n+7vc=
github.com/aws/aws-sdk-go-v2/service/internal/presigned-url v1.9.15 h1:xlf0J6DUgAj/ocvKQxCmad8Bu1lJuRbt5Wu+4G1xw1g=
github.com/aws/aws-sdk-go-v2/service/internal/presigned-url v1.9.15/go.mod h1:ZVJ7ejRl4+tkWMuCwjXoy0jd8fF5u3RCyWjSVjUIvQE=
github.com/aws/aws-sdk-go-v2/service/internal/s3shared v1.13.15 h1:v9f7NY7D19ssE2EM+m9yT1m5zdWHuRAsZaFh24GAkOk=
github.com/aws/aws-sdk-go-v2/service/internal/s3shared v1.13.15/go.mod h1:gXfPo3nMoCbJKTZKDxv3rUhcYJjYT/K++jEqcWHjD/Q=
github.com/aws/aws-sdk-go-v2/service/s3 v1.27.9 h1:imVonvre+AHMcDc3B9bPHHy5ZgjIkkYc/jyDBK8FHFw=
github.com/aws/aws-sdk-go-v2/service/s3 v1.27.9/go.mod h1:0Gfmg8gjPhVPy/IXkLAmyKZbAue+2s11BWKH+oXggmg=
github.com/aws/aws-sdk-go-v2/service/sqs v1.19.8 h1:sgWMD5t0GYBw5QqSr7L5+oFonjdrgvpiGoyb1veOpXI=
github.com/aws/aws-sdk-go-v2/service/sqs v1.19.8/go.mod h1:nMu/p558phDp5xa1USWHcofcWvoaat4Dr46w7ruM1XQ=
github.com/aws/aws-sdk-go-v2/service/sso v1.11.21 h1:7jUFr+7F4MzIjCZzy7ygRtXFQcQ0kAbT0gUvtUeAdyU=
github.com/aws/aws-sdk-go-v2/service/sso v1.11.21/go.mod h1:q8nYq51W3gpZempYsAD83fPRlrOTMCwN+Ahg4BKFTXQ=
github.com/aws/aws-sdk-go-v2/service/ssooidc v1.13.3 h1:UTTPNP3/WzZa7hoHP3Szb/Yl0bM3NoBrf5ABy1OArUM=
github.com/aws/aws-sdk-go-v2/service/ssooidc v1.13.3/go.mod h1:+IF75RMJh0+zqTGXGshyEGRsU2ImqWv6UuHGkHl6kEo=
github.com/aws/aws-sdk-go-v2/service/sts v1.16.17 h1:LVM2jzEQ8mhb2dhrFl4PJ3sa5+KcKT01dsMk2Ma9/FU=
github.com/aws/aws-sdk-go-v2/service/sts v1.16.17/go.mod h1:bQujK1n0V1D1Gz5uII1jaB1WDvhj4/T3tElsJnVXCR0=
github.com/aws/smithy-go v1.13.2 h1:TBLKyeJfXTrTXRHmsv4qWt9IQGYyWThLYaJWSahTOGE=
github.com/aws/smithy-go v1.13.2/go.mod h1:Tg+OJXh4MB2R/uN61Ko2f6hTZwB/ZYGOtib8J3gBHzA=
github.com/bep/awscreate v0.1.0 h1:KrRubpAg1rKDBVYTIW3m4Z7kWSoAKH0b8v/otDCT5/g=
github.com/bep/awscreate v0.1.0/go.mod h1:kAGRldpBQ97iQoD9Uk3seIebdEmlnv6OxmjE+aLk60Q=
github.com/bep/awscreate/s3rpccreate v0.2.0 h1:VnvRnJiZEF1gPnc/bzlKNif1iQjpApSb3px0Jj7tq5U=
github.com/bep/awscreate/s3rpccreate v0.2.0/go.mod h1:BBBdItVHMbeqs+FD57Hv0o/bT5m22j28kANxJU5Gd2o=
github.com/bep/buildpkg v0.1.0 h1:CSMyAlAv+ppZ91RNwdegsXDPnfSfBCCZq6Gv1vJOnZ0=
github.com/bep/buildpkg v0.1.0/go.mod h1:4kB6A8qP0+MfEi5XRMkFO4J+qV/EIJrAVwjtpemWadY=
github.com/bep/execrpc v0.7.1 h1:ExHlNt9immvo2We9fNnNquXXlGKX1FKrvYNG1ZXd1Fg=
github.com/bep/execrpc v0.7.1/go.mod h1:dhMMXFX/IfDRQrp4/EHqqYbYfHS53bF/9kiHIG/ChJw=
github.com/bep/helpers v0.4.0 h1:ab9veaAiWY4ST48Oxp5usaqivDmYdB744fz+tcZ3Ifs=
github.com/bep/helpers v0.4.0/go.mod h1:/QpHdmcPagDw7+RjkLFCvnlUc8lQ5kg4KDrEkb2Yyco=
github.com/bep/macosnotarylib v0.1.0 h1:3Kl63q2qVx8oyzMKK5UOABlY1EOTW3OHBI3KnPsDwYM=
github.com/bep/macosnotarylib v0.1.0/go.mod h1:oAZa21+u4m1EwFguFx2YmHNkkLrhy1J0kHiNEfdfGPs=
github.com/bep/s3rpc v0.2.0 h1:S7pRsngleq5jRRxl94sGmpMgGOd9oAnRhWCLgVwJYII=
github.com/bep/s3rpc v0.2.0/go.mod h1:28u+CZoirBEtYnaeB4J+OkDW6REHYV4vJZxfyblQz9M=
github.com/davecgh/go-spew v1.1.0/go.mod h1:J7Y8YcW2NihsgmVo/mv3lAwl/skON4iLHjSsI+c5H38=
github.com/davecgh/go-spew v1.1.1 h1:vj9j/u1bqnvCEfJOwUhtlOARqs3+rkHYY13jYWTU97c=
github.com/davecgh/go-spew v1.1.1/go.mod h1:J7Y8YcW2NihsgmVo/mv3lAwl/skON4iLHjSsI+c5H38=
github.com/frankban/quicktest v1.14.3 h1:FJKSZTDHjyhriyC81FLQ0LY93eSai0ZyR/ZIkd3ZUKE=
github.com/gohugoio/hugoreleaser-archive-plugins/macospkg v0.0.0-20220909161834-88eb232d7eb7 h1:78JMGw1Toel0YBvJdHyNHRjaUbT6+oNGbo7JQNsoAGQ=
github.com/gohugoio/hugoreleaser-archive-plugins/macospkg v0.0.0-20220909161834-88eb232d7eb7/go.mod h1:HqHxC0Xe+d8HdhJb247HvPEuK2m2FHhzA3gNYxKnlS0=
github.com/gohugoio/hugoreleaser-plugins-api v0.7.0 h1:GzQ+KYibq8Ltm3sfG5tNwZqoUcROGh5FTBJm8K6ba98=
github.com/gohugoio/hugoreleaser-plugins-api v0.7.0/go.mod h1:zjt/fqbUJzhtSEEgaK7MeHu/x0RJ2stRvhgMgbO1Xr4=
github.com/golang-jwt/jwt/v4 v4.4.3-0.20220820150458-bfea432b1a9d h1:g83sVsMB9c5zW6RG7a767AkmCkAIbQEX6Z7UvEKgTjU=
github.com/golang-jwt/jwt/v4 v4.4.3-0.20220820150458-bfea432b1a9d/go.mod h1:m21LjoU+eqJr34lmDMbreY2eSTRJ1cv77w39/MY0Ch0=
github.com/google/go-cmp v0.5.8 h1:e6P7q2lk1O+qJJb4BtCQXlK8vWEO8V1ZeuEdJNOqZyg=
github.com/google/go-cmp v0.5.8/go.mod h1:17dUlkBOakJ0+DkrSSNjCkIjxS6bF9zb3elmeNGIjoY=
github.com/google/uuid v1.3.0 h1:t6JiXgmwXMjEs8VusXIJk2BXHsn+wx8BZdTaoZ5fu7I=
github.com/google/uuid v1.3.0/go.mod h1:TIyPZe4MgqvfeYDBFedMoGGpEw/LqOeaOT+nhxU+yHo=
github.com/jmespath/go-jmespath v0.4.0 h1:BEgLn5cpjn8UN1mAw4NjwDrS35OdebyEtFe+9YPoQUg=
github.com/jmespath/go-jmespath v0.4.0/go.mod h1:T8mJZnbsbmF+m6zOOFylbeCJqk5+pHWvzYPziyZiYoo=
github.com/jmespath/go-jmespath/internal/testify v1.5.1 h1:shLQSRRSCCPj3f2gpwzGwWFoC7ycTf1rcQZHOlsJ6N8=
github.com/jmespath/go-jmespath/internal/testify v1.5.1/go.mod h1:L3OGu8Wl2/fWfCI6z80xFu9LTZmf1ZRjMHUOPmWr69U=
github.com/kr/pretty v0.3.0 h1:WgNl7dwNpEZ6jJ9k1snq4pZsg7DOEN8hP9Xw0Tsjwk0=
github.com/kr/text v0.2.0 h1:5Nx0Ya0ZqY2ygV366QzturHI13Jq95ApcVaJBhpS+AY=
github.com/mitchellh/mapstructure v1.5.0 h1:jeMsZIYE/09sWLaz43PL7Gy6RuMjD2eJVyuac5Z2hdY=
github.com/mitchellh/mapstructure v1.5.0/go.mod h1:bFUtVrKA4DC2yAKiSyO/QUcy7e+RRV2QTWOzhPopBRo=
github.com/pelletier/go-toml/v2 v2.0.5 h1:ipoSadvV8oGUjnUbMub59IDPPwfxF694nG/jwbMiyQg=
github.com/pelletier/go-toml/v2 v2.0.5/go.mod h1:OMHamSCAODeSsVrwwvcJOaoN0LIUIaFVNZzmWyNfXas=
github.com/pkg/errors v0.9.1/go.mod h1:bwawxfHBFNV+L2hUp1rHADufV3IMtnDRdf1r5NINEl0=
github.com/pmezard/go-difflib v1.0.0 h1:4DBwDE0NGyQoBHbLQYPwSUPoCMWR5BEzIk/f1lZbAQM=
github.com/pmezard/go-difflib v1.0.0/go.mod h1:iKH77koFhYxTK1pcRnkKkqfTogsbg7gZNVY4sRDYZ/4=
github.com/rogpeppe/go-internal v1.8.1 h1:geMPLpDpQOgVyCg5z5GoRwLHepNdb71NXb67XFkP+Eg=
github.com/stretchr/objx v0.1.0/go.mod h1:HFkY916IF+rwdDfMAkV7OtwuqBVzrE8GR6GFx+wExME=
github.com/stretchr/objx v0.4.0/go.mod h1:YvHI0jy2hoMjB+UWwv71VJQ9isScKT/TqJzVSSt89Yw=
github.com/stretchr/testify v1.7.1/go.mod h1:6Fq8oRcR53rry900zMqJjRRixrwX3KX962/h/Wwjteg=
github.com/stretchr/testify v1.8.0 h1:pSgiaMZlXftHpm5L7V1+rVB+AZJydKsMxsQBIJw4PKk=
github.com/stretchr/testify v1.8.0/go.mod h1:yNjHg4UonilssWZ8iaSj1OCr/vHnekPRkoO+kdMU+MU=
golang.org/x/net v0.0.0-20220127200216-cd36cc0744dd h1:O7DYs+zxREGLKzKoMQrtrEacpb0ZVXA5rIwylE2Xchk=
golang.org/x/net v0.0.0-20220127200216-cd36cc0744dd/go.mod h1:CfG3xpIq0wQ8r1q4Su4UZFWDARRcnwPjda9FqA0JpMk=
golang.org/x/sync v0.0.0-20220907140024-f12130a52804 h1:0SH2R3f1b1VmIMG7BXbEZCBUu2dKmHschSmjqGUrW8A=
golang.org/x/sync v0.0.0-20220907140024-f12130a52804/go.mod h1:RxMgew5VJxzue5/jJTE5uejpjVlOe/izrB70Jof72aM=
golang.org/x/sys v0.0.0-20210615035016-665e8c7367d1/go.mod h1:oPkhp1MJrh7nUepCBck5+mAzfO9JrbApNNgaTdGDITg=
golang.org/x/sys v0.0.0-20211216021012-1d35b9e2eb4e/go.mod h1:oPkhp1MJrh7nUepCBck5+mAzfO9JrbApNNgaTdGDITg=
golang.org/x/term v0.0.0-20210927222741-03fcf44c2211/go.mod h1:jbD1KX2456YbFQfuXm/mYQcufACuNUgVhRMnK/tPxf8=
golang.org/x/text v0.3.7 h1:olpwvP2KacW1ZWvsR7uQhoyTYvKAupfQrRGBFM352Gk=
golang.org/x/text v0.3.7/go.mod h1:u+2+/6zg+i71rQMx5EYifcz6MCKuco9NR6JIITiCfzQ=
golang.org/x/tools v0.0.0-20180917221912-90fa682c2a6e/go.mod h1:n7NCudcB/nEzxVGmLbDWY5pfWTLqBcC2KZ6jyYvM4mQ=
gopkg.in/check.v1 v0.0.0-20161208181325-20d25e280405/go.mod h1:Co6ibVJAznAaIkqp8huTwlJQCZ016jof/cbN4VW5Yz0=
gopkg.in/yaml.v2 v2.2.8/go.mod h1:hI93XBmqTisBFMUTm0b8Fm+jr3Dg1NNxqwp+5A1VGuI=
gopkg.in/yaml.v2 v2.4.0 h1:D8xgwECY7CYvx+Y2n4sBz93Jn9JRvxdiyyo8CTfuKaY=
gopkg.in/yaml.v3 v3.0.0-20200313102051-9f266ea9e77c/go.mod h1:K4uyk7z7BCEPqu6E+C64Yfv1cQ7kz7rIZviUmN+EgEM=
gopkg.in/yaml.v3 v3.0.1 h1:fxVm/GzAzEWqLHuvctI91KS9hhNmmWOoWu0XTYJS7CA=
gopkg.in/yaml.v3 v3.0.1/go.mod h1:K4uyk7z7BCEPqu6E+C64Yfv1cQ7kz7rIZviUmN+EgEM=
